
Microsoft Visual Studio Solution File, Format Version 12.00
# Visual Studio Version 17
VisualStudioVersion = 17.9.34622.214
MinimumVisualStudioVersion = 10.0.40219.1
Project("{FAE04EC0-301F-11D3-BF4B-00C04F79EFBC}") = "Unity 101 Giris", "Unity 101 Giris\Unity 101 Giris.csproj", "{1D178FCB-B3C4-408D-9AE8-7D5D1A0C830C}"
EndProject
Global
	GlobalSection(SolutionConfigurationPlatforms) = preSolution
		Debug|Any CPU = Debug|Any CPU
		Release|Any CPU = Release|Any CPU
	EndGlobalSection
	GlobalSection(ProjectConfigurationPlatforms) = postSolution
		{1D178FCB-B3C4-408D-9AE8-7D5D1A0C830C}.Debug|Any CPU.ActiveCfg = Debug|Any CPU
		{1D178FCB-B3C4-408D-9AE8-7D5D1A0C830C}.Debug|Any CPU.Build.0 = Debug|Any CPU
		{1D178FCB-B3C4-408D-9AE8-7D5D1A0C830C}.Release|Any CPU.ActiveCfg = Release|Any CPU
		{1D178FCB-B3C4-408D-9AE8-7D5D1A0C830C}.Release|Any CPU.Build.0 = Release|Any CPU
	EndGlobalSection
	GlobalSection(SolutionProperties) = preSolution
		HideSolutionNode = FALSE
	EndGlobalSection
	GlobalSection(ExtensibilityGlobals) = postSolution
		SolutionGuid = {3E02BE46-CBA7-4F4E-B6B6-EF99D3AF600D}
	EndGlobalSection
EndGlobal
